# This file is generated by running "yarn install" inside your project.
# Manual changes might be lost - proceed with caution!

__metadata:
  version: 4
  cacheKey: 7

"1password-backup-helper@workspace:.":
  version: 0.0.0-use.local
  resolution: "1password-backup-helper@workspace:."
  dependencies:
    filenamify: ^4.2.0
    minimist: ^1.2.5
  languageName: unknown
  linkType: soft

"escape-string-regexp@npm:^1.0.2":
  version: 1.0.5
  resolution: "escape-string-regexp@npm:1.0.5"
  checksum: f9484b8b4c8827d816e0fd905c25ed4b561376a9c220e1430403ea84619bf680c76a883a48cff8b8e091daf55d6a497e37479f9787b9f15f3c421b6054289744
  languageName: node
  linkType: hard

"filename-reserved-regex@npm:^2.0.0":
  version: 2.0.0
  resolution: "filename-reserved-regex@npm:2.0.0"
  checksum: a91ecd88edc5e099ac27ad52ddde589153e696e074871413865c3f88ba6180aa5ed28e4960b13430eff9de211d16824c7a2cff5fe9b2e78545e701712603f52f
  languageName: node
  linkType: hard

"filenamify@npm:^4.2.0":
  version: 4.2.0
  resolution: "filenamify@npm:4.2.0"
  dependencies:
    filename-reserved-regex: ^2.0.0
    strip-outer: ^1.0.1
    trim-repeated: ^1.0.0
  checksum: 4f2598d89cbe62fad0f502419455f2d4e0993c0bb2a94be7ea03c48cf1f991ff60c862f287f9a303c4044779e1ad03a7f54525ca254751be3ccc68d4eb2bc354
  languageName: node
  linkType: hard

"minimist@npm:^1.2.5":
  version: 1.2.5
  resolution: "minimist@npm:1.2.5"
  checksum: b77b8590147a4e217ff34266236bc39de23b52e6e33054076991ff674c7397a1380a7bde11111916f16f003a94aaa7e4f3d92595a32189644ff607fabc65a5b6
  languageName: node
  linkType: hard

"strip-outer@npm:^1.0.1":
  version: 1.0.1
  resolution: "strip-outer@npm:1.0.1"
  dependencies:
    escape-string-regexp: ^1.0.2
  checksum: 5a01031e8b6662fbc2397360916e0b8ee66cc74c15a292c15ab82b5067728165ad730fa5289b12c2875e17660e21450515958a83636462bba3900ea5bc964082
  languageName: node
  linkType: hard

"trim-repeated@npm:^1.0.0":
  version: 1.0.0
  resolution: "trim-repeated@npm:1.0.0"
  dependencies:
    escape-string-regexp: ^1.0.2
  checksum: f65350e3272927ac5d12991d0bacc59d905a35b0f740a592638203a72943a906587e07e7552f27f7f7d1568533b069d342dee9c360f12d373abe18a1e07a6445
  languageName: node
  linkType: hard
